// !$*UTF8*$!
{
	archiveVersion = 1;
	classes = {
	};
	objectVersion = 50;
	objects = {

/* Begin PBXBuildFile section */
		CDAFF36E22469D6100D48523 /* AppDelegate.swift in Sources */ = {isa = PBXBuildFile; fileRef = CDAFF36D22469D6100D48523 /* AppDelegate.swift */; };
		CDAFF37022469D6100D48523 /* TodoListViewController.swift in Sources */ = {isa = PBXBuildFile; fileRef = CDAFF36F22469D6100D48523 /* TodoListViewController.swift */; };
		CDAFF37322469D6100D48523 /* Main.storyboard in Resources */ = {isa = PBXBuildFile; fileRef = CDAFF37122469D6100D48523 /* Main.storyboard */; };
		CDAFF37522469D6200D48523 /* Assets.xcassets in Resources */ = {isa = PBXBuildFile; fileRef = CDAFF37422469D6200D48523 /* Assets.xcassets */; };
		CDAFF37822469D6200D48523 /* LaunchScreen.storyboard in Resources */ = {isa = PBXBuildFile; fileRef = CDAFF37622469D6200D48523 /* LaunchScreen.storyboard */; };
		CDD66CE4224A10F400924DFA /* Item.swift in Sources */ = {isa = PBXBuildFile; fileRef = CDD66CE3224A10F400924DFA /* Item.swift */; };
/* End PBXBuildFile section */

/* Begin PBXFileReference section */
		CDAFF36A22469D6100D48523 /* Todoey.app */ = {isa = PBXFileReference; explicitFileType = wrapper.application; includeInIndex = 0; path = Todoey.app; sourceTree = BUILT_PRODUCTS_DIR; };
		CDAFF36D22469D6100D48523 /* AppDelegate.swift */ = {isa = PBXFileReference; lastKnownFileType = sourcecode.swift; path = AppDelegate.swift; sourceTree = "<group>"; };
		CDAFF36F22469D6100D48523 /* TodoListViewController.swift */ = {isa = PBXFileReference; lastKnownFileType = sourcecode.swift; path = TodoListViewController.swift; sourceTree = "<group>"; };
		CDAFF37222469D6100D48523 /* Base */ = {isa = PBXFileReference; lastKnownFileType = file.storyboard; name = Base; path = Base.lproj/Main.storyboard; sourceTree = "<group>"; };
		CDAFF37422469D6200D48523 /* Assets.xcassets */ = {isa = PBXFileReference; lastKnownFileType = folder.assetcatalog; path = Assets.xcassets; sourceTree = "<group>"; };
		CDAFF37722469D6200D48523 /* Base */ = {isa = PBXFileReference; lastKnownFileType = file.storyboard; name = Base; path = Base.lproj/LaunchScreen.storyboard; sourceTree = "<group>"; };
		CDAFF37922469D6200D48523 /* Info.plist */ = {isa = PBXFileReference; lastKnownFileType = text.plist.xml; path = Info.plist; sourceTree = "<group>"; };
		CDD66CE3224A10F400924DFA /* Item.swift */ = {isa = PBXFileReference; lastKnownFileType = sourcecode.swift; path = Item.swift; sourceTree = "<group>"; };
/* End PBXFileReference section */

/* Begin PBXFrameworksBuildPhase section */
		CDAFF36722469D6100D48523 /* Frameworks */ = {
			isa = PBXFrameworksBuildPhase;
			buildActionMask = 2147483647;
			files = (
			);
			runOnlyForDeploymentPostprocessing = 0;
		};
/* End PBXFrameworksBuildPhase section */

/* Begin PBXGroup section */
		CDAFF36122469D6100D48523 = {
			isa = PBXGroup;
			children = (
				CDAFF36C22469D6100D48523 /* Todoey */,
				CDAFF36B22469D6100D48523 /* Products */,
			);
			sourceTree = "<group>";
		};
		CDAFF36B22469D6100D48523 /* Products */ = {
			isa = PBXGroup;
			children = (
				CDAFF36A22469D6100D48523 /* Todoey.app */,
			);
			name = Products;
			sourceTree = "<group>";
		};
		CDAFF36C22469D6100D48523 /* Todoey */ = {
			isa = PBXGroup;
			children = (
				CDD66CE0224A103B00924DFA /* Model */,
				CDD66CE1224A106200924DFA /* View */,
				CDD66CE2224A106800924DFA /* Controller */,
				CDAFF36D22469D6100D48523 /* AppDelegate.swift */,
				CDD66CE5224A126300924DFA /* SupportingFiles */,
				CDAFF37922469D6200D48523 /* Info.plist */,
			);
			path = Todoey;
			sourceTree = "<group>";
		};
		CDD66CE0224A103B00924DFA /* Model */ = {
			isa = PBXGroup;
			children = (
				CDD66CE3224A10F400924DFA /* Item.swift */,
			);
			path = Model;
			sourceTree = "<group>";
		};
		CDD66CE1224A106200924DFA /* View */ = {
			isa = PBXGroup;
			children = (
				CDAFF37122469D6100D48523 /* Main.storyboard */,
			);
			path = View;
			sourceTree = "<group>";
		};
		CDD66CE2224A106800924DFA /* Controller */ = {
			isa = PBXGroup;
			children = (
				CDAFF36F22469D6100D48523 /* TodoListViewController.swift */,
			);
			path = Controller;
			sourceTree = "<group>";
		};
		CDD66CE5224A126300924DFA /* SupportingFiles */ = {
			isa = PBXGroup;
			children = (
				CDAFF37422469D6200D48523 /* Assets.xcassets */,
				CDAFF37622469D6200D48523 /* LaunchScreen.storyboard */,
			);
			path = SupportingFiles;
			sourceTree = "<group>";
		};
/* End PBXGroup section */

/* Begin PBXNativeTarget section */
		CDAFF36922469D6100D48523 /* Todoey */ = {
			isa = PBXNativeTarget;
			buildConfigurationList = CDAFF37C22469D6200D48523 /* Build configuration list for PBXNativeTarget "Todoey" */;
			buildPhases = (
				CDAFF36622469D6100D48523 /* Sources */,
				CDAFF36722469D6100D48523 /* Frameworks */,
				CDAFF36822469D6100D48523 /* Resources */,
			);
			buildRules = (
			);
			dependencies = (
			);
			name = Todoey;
			productName = Todoey;
			productReference = CDAFF36A22469D6100D48523 /* Todoey.app */;
			productType = "com.apple.product-type.application";
		};
/* End PBXNativeTarget section */

/* Begin PBXProject section */
		CDAFF36222469D6100D48523 /* Project object */ = {
			isa = PBXProject;
			attributes = {
				LastSwiftUpdateCheck = 1010;
				LastUpgradeCheck = 1010;
				ORGANIZATIONNAME = "Patrick Oster";
				TargetAttributes = {
					CDAFF36922469D6100D48523 = {
						CreatedOnToolsVersion = 10.1;
					};
				};
			};
			buildConfigurationList = CDAFF36522469D6100D48523 /* Build configuration list for PBXProject "Todoey" */;
			compatibilityVersion = "Xcode 9.3";
			developmentRegion = en;
			hasScannedForEncodings = 0;
			knownRegions = (
				en,
				Base,
			);
			mainGroup = CDAFF36122469D6100D48523;
			productRefGroup = CDAFF36B22469D6100D48523 /* Products */;
			projectDirPath = "";
			projectRoot = "";
			targets = (
				CDAFF36922469D6100D48523 /* Todoey */,
			);
		};
/* End PBXProject section */

/* Begin PBXResourcesBuildPhase section */
		CDAFF36822469D6100D48523 /* Resources */ = {
			isa = PBXResourcesBuildPhase;
			buildActionMask = 2147483647;
			files = (
				CDAFF37822469D6200D48523 /* LaunchScreen.storyboard in Resources */,
				CDAFF37522469D6200D48523 /* Assets.xcassets in Resources */,
				CDAFF37322469D6100D48523 /* Main.storyboard in Resources */,
			);
			runOnlyForDeploymentPostprocessing = 0;
		};
/* End PBXResourcesBuildPhase section */

/* Begin PBXSourcesBuildPhase section */
		CDAFF36622469D6100D48523 /* Sources */ = {
			isa = PBXSourcesBuildPhase;
			buildActionMask = 2147483647;
			files = (
				CDAFF37022469D6100D48523 /* TodoListViewController.swift in Sources */,
				CDD66CE4224A10F400924DFA /* Item.swift in Sources */,
				CDAFF36E22469D6100D48523 /* AppDelegate.swift in Sources */,
			);
			runOnlyForDeploymentPostprocessing = 0;
		};
/* End PBXSourcesBuildPhase section */

/* Begin PBXVariantGroup section */
		CDAFF37122469D6100D48523 /* Main.storyboard */ = {
			isa = PBXVariantGroup;
			children = (
				CDAFF37222469D6100D48523 /* Base */,
			);
			name = Main.storyboard;
			sourceTree = "<group>";
		};
		CDAFF37622469D6200D48523 /* LaunchScreen.storyboard */ = {
			isa = PBXVariantGroup;
			children = (
				CDAFF37722469D6200D48523 /* Base */,
			);
			name = LaunchScreen.storyboard;
			sourceTree = "<group>";
		};
/* End PBXVariantGroup section */

/* Begin XCBuildConfiguration section */
		CDAFF37A22469D6200D48523 /* Debug */ = {
			isa = XCBuildConfiguration;
			buildSettings = {
				ALWAYS_SEARCH_USER_PATHS = NO;
				CLANG_ANALYZER_NONNULL = YES;
				CLANG_ANALYZER_NUMBER_OBJECT_CONVERSION = YES_AGGRESSIVE;
				CLANG_CXX_LANGUAGE_STANDARD = "gnu++14";
				CLANG_CXX_LIBRARY = "libc++";
				CLANG_ENABLE_MODULES = YES;
				CLANG_ENABLE_OBJC_ARC = YES;
				CLANG_ENABLE_OBJC_WEAK = YES;
				CLANG_WARN_BLOCK_CAPTURE_AUTORELEASING = YES;
				CLANG_WARN_BOOL_CONVERSION = YES;
				CLANG_WARN_COMMA = YES;
				CLANG_WARN_CONSTANT_CONVERSION = YES;
				CLANG_WARN_DEPRECATED_OBJC_IMPLEMENTATIONS = YES;
				CLANG_WARN_DIRECT_OBJC_ISA_USAGE = YES_ERROR;
				CLANG_WARN_DOCUMENTATION_COMMENTS = YES;
				CLANG_WARN_EMPTY_BODY = YES;
				CLANG_WARN_ENUM_CONVERSION = YES;
				CLANG_WARN_INFINITE_RECURSION = YES;
				CLANG_WARN_INT_CONVERSION = YES;
				CLANG_WARN_NON_LITERAL_NULL_CONVERSION = YES;
				CLANG_WARN_OBJC_IMPLICIT_RETAIN_SELF = YES;
				CLANG_WARN_OBJC_LITERAL_CONVERSION = YES;
				CLANG_WARN_OBJC_ROOT_CLASS = YES_ERROR;
				CLANG_WARN_RANGE_LOOP_ANALYSIS = YES;
				CLANG_WARN_STRICT_PROTOTYPES = YES;
				CLANG_WARN_SUSPICIOUS_MOVE = YES;
				CLANG_WARN_UNGUARDED_AVAILABILITY = YES_AGGRESSIVE;
				CLANG_WARN_UNREACHABLE_CODE = YES;
				CLANG_WARN__DUPLICATE_METHOD_MATCH = YES;
				CODE_SIGN_IDENTITY = "iPhone Developer";
				COPY_PHASE_STRIP = NO;
				DEBUG_INFORMATION_FORMAT = dwarf;
				ENABLE_STRICT_OBJC_MSGSEND = YES;
				ENABLE_TESTABILITY = YES;
				GCC_C_LANGUAGE_STANDARD = gnu11;
				GCC_DYNAMIC_NO_PIC = NO;
				GCC_NO_COMMON_BLOCKS = YES;
				GCC_OPTIMIZATION_LEVEL = 0;
				GCC_PREPROCESSOR_DEFINITIONS = (
					"DEBUG=1",
					"$(inherited)",
				);
				GCC_WARN_64_TO_32_BIT_CONVERSION = YES;
				GCC_WARN_ABOUT_RETURN_TYPE = YES_ERROR;
				GCC_WARN_UNDECLARED_SELECTOR = YES;
				GCC_WARN_UNINITIALIZED_AUTOS = YES_AGGRESSIVE;
				GCC_WARN_UNUSED_FUNCTION = YES;
				GCC_WARN_UNUSED_VARIABLE = YES;
				IPHONEOS_DEPLOYMENT_TARGET = 12.1;
				MTL_ENABLE_DEBUG_INFO = INCLUDE_SOURCE;
				MTL_FAST_MATH = YES;
				ONLY_ACTIVE_ARCH = YES;
				SDKROOT = iphoneos;
				SWIFT_ACTIVE_COMPILATION_CONDITIONS = DEBUG;
				SWIFT_OPTIMIZATION_LEVEL = "-Onone";
			};
			name = Debug;
		};
		CDAFF37B22469D6200D48523 /* Release */ = {
			isa = XCBuildConfiguration;
			buildSettings = {
				ALWAYS_SEARCH_USER_PATHS = NO;
				CLANG_ANALYZER_NONNULL = YES;
				CLANG_ANALYZER_NUMBER_OBJECT_CONVERSION = YES_AGGRESSIVE;
				CLANG_CXX_LANGUAGE_STANDARD = "gnu++14";
				CLANG_CXX_LIBRARY = "libc++";
				CLANG_ENABLE_MODULES = YES;
				CLANG_ENABLE_OBJC_ARC = YES;
				CLANG_ENABLE_OBJC_WEAK = YES;
				CLANG_WARN_BLOCK_CAPTURE_AUTORELEASING = YES;
				CLANG_WARN_BOOL_CONVERSION = YES;
				CLANG_WARN_COMMA = YES;
				CLANG_WARN_CONSTANT_CONVERSION = YES;
				CLANG_WARN_DEPRECATED_OBJC_IMPLEMENTATIONS = YES;
				CLANG_WARN_DIRECT_OBJC_ISA_USAGE = YES_ERROR;
				CLANG_WARN_DOCUMENTATION_COMMENTS = YES;
				CLANG_WARN_EMPTY_BODY = YES;
				CLANG_WARN_ENUM_CONVERSION = YES;
				CLANG_WARN_INFINITE_RECURSION = YES;
				CLANG_WARN_INT_CONVERSION = YES;
				CLANG_WARN_NON_LITERAL_NULL_CONVERSION = YES;
				CLANG_WARN_OBJC_IMPLICIT_RETAIN_SELF = YES;
				CLANG_WARN_OBJC_LITERAL_CONVERSION = YES;
				CLANG_WARN_OBJC_ROOT_CLASS = YES_ERROR;
				CLANG_WARN_RANGE_LOOP_ANALYSIS = YES;
				CLANG_WARN_STRICT_PROTOTYPES = YES;
				CLANG_WARN_SUSPICIOUS_MOVE = YES;
				CLANG_WARN_UNGUARDED_AVAILABILITY = YES_AGGRESSIVE;
				CLANG_WARN_UNREACHABLE_CODE = YES;
				CLANG_WARN__DUPLICATE_METHOD_MATCH = YES;
				CODE_SIGN_IDENTITY = "iPhone Developer";
				COPY_PHASE_STRIP = NO;
				DEBUG_INFORMATION_FORMAT = "dwarf-with-dsym";
				ENABLE_NS_ASSERTIONS = NO;
				ENABLE_STRICT_OBJC_MSGSEND = YES;
				GCC_C_LANGUAGE_STANDARD = gnu11;
				GCC_NO_COMMON_BLOCKS = YES;
				GCC_WARN_64_TO_32_BIT_CONVERSION = YES;
				GCC_WARN_ABOUT_RETURN_TYPE = YES_ERROR;
				GCC_WARN_UNDECLARED_SELECTOR = YES;
				GCC_WARN_UNINITIALIZED_AUTOS = YES_AGGRESSIVE;
				GCC_WARN_UNUSED_FUNCTION = YES;
				GCC_WARN_UNUSED_VARIABLE = YES;
				IPHONEOS_DEPLOYMENT_TARGET = 12.1;
				MTL_ENABLE_DEBUG_INFO = NO;
				MTL_FAST_MATH = YES;
				SDKROOT = iphoneos;
				SWIFT_COMPILATION_MODE = wholemodule;
				SWIFT_OPTIMIZATION_LEVEL = "-O";
				VALIDATE_PRODUCT = YES;
			};
			name = Release;
		};
		CDAFF37D22469D6200D48523 /* Debug */ = {
			isa = XCBuildConfiguration;
			buildSettings = {
				ASSETCATALOG_COMPILER_APPICON_NAME = AppIcon;
				CODE_SIGN_STYLE = Automatic;
				INFOPLIST_FILE = Todoey/Info.plist;
				LD_RUNPATH_SEARCH_PATHS = (
					"$(inherited)",
					"@executable_path/Frameworks",
				);
				PRODUCT_BUNDLE_IDENTIFIER = com.patrickoster.Todoey;
				PRODUCT_NAME = "$(TARGET_NAME)";
				SWIFT_VERSION = 4.2;
				TARGETED_DEVICE_FAMILY = "1,2";
			};
			name = Debug;
		};
		CDAFF37E22469D6200D48523 /* Release */ = {
			isa = XCBuildConfiguration;
			buildSettings = {
				ASSETCATALOG_COMPILER_APPICON_NAME = AppIcon;
				CODE_SIGN_STYLE = Automatic;
				INFOPLIST_FILE = Todoey/Info.plist;
				LD_RUNPATH_SEARCH_PATHS = (
					"$(inherited)",
					"@executable_path/Frameworks",
				);
				PRODUCT_BUNDLE_IDENTIFIER = com.patrickoster.Todoey;
				PRODUCT_NAME = "$(TARGET_NAME)";
				SWIFT_VERSION = 4.2;
				TARGETED_DEVICE_FAMILY = "1,2";
			};
			name = Release;
		};
/* End XCBuildConfiguration section */

/* Begin XCConfigurationList section */
		CDAFF36522469D6100D48523 /* Build configuration list for PBXProject "Todoey" */ = {
			isa = XCConfigurationList;
			buildConfigurations = (
				CDAFF37A22469D6200D48523 /* Debug */,
				CDAFF37B22469D6200D48523 /* Release */,
			);
			defaultConfigurationIsVisible = 0;
			defaultConfigurationName = Release;
		};
		CDAFF37C22469D6200D48523 /* Build configuration list for PBXNativeTarget "Todoey" */ = {
			isa = XCConfigurationList;
			buildConfigurations = (
				CDAFF37D22469D6200D48523 /* Debug */,
				CDAFF37E22469D6200D48523 /* Release */,
			);
			defaultConfigurationIsVisible = 0;
			defaultConfigurationName = Release;
		};
/* End XCConfigurationList section */
	};
	rootObject = CDAFF36222469D6100D48523 /* Project object */;
}
